
Microsoft Visual Studio Solution File, Format Version 12.00
# Visual Studio Version 17
VisualStudioVersion = 17.2.32630.192
MinimumVisualStudioVersion = 10.0.40219.1
Project("{9A19103F-16F7-4668-BE54-9A1E7A4F7556}") = "R5T.T0047", "R5T.T0047\R5T.T0047.csproj", "{A0329FB7-3882-46B6-97AB-7E44D9DD3D84}"
EndProject
Project("{2150E333-8FDC-42A3-9474-1A3956D46DE8}") = "_Dependencies", "_Dependencies", "{B329EB6D-42DB-4E09-B811-2DE4C38A251F}"
EndProject
Project("{9A19103F-16F7-4668-BE54-9A1E7A4F7556}") = "R5T.Magyar", "..\..\R5T.Magyar\source\R5T.Magyar\R5T.Magyar.csproj", "{E3E10FA9-54D6-41D6-ADD4-75A1DCFBD7AA}"
EndProject
Project("{9A19103F-16F7-4668-BE54-9A1E7A4F7556}") = "R5T.T0047.T001", "R5T.T0047.T001\R5T.T0047.T001.csproj", "{583BB571-7645-42DA-8DD8-ED64FE030A1F}"
EndProject
Project("{9A19103F-16F7-4668-BE54-9A1E7A4F7556}") = "R5T.T0039.T002", "..\..\R5T.T0039\source\R5T.T0039.T002\R5T.T0039.T002.csproj", "{40260260-4AEE-4A08-84F6-7EF9E60C4F4F}"
EndProject
Project("{9A19103F-16F7-4668-BE54-9A1E7A4F7556}") = "R5T.T0047.T002", "R5T.T0047.T002\R5T.T0047.T002.csproj", "{1A40C850-E195-4CD2-8860-12303C7E8D82}"
EndProject
Project("{9A19103F-16F7-4668-BE54-9A1E7A4F7556}") = "R5T.T0047.T002.X001", "R5T.T0047.T002.X001\R5T.T0047.T002.X001.csproj", "{2E4D3A33-AFBE-45F5-9050-9511FE005E95}"
EndProject
Project("{9A19103F-16F7-4668-BE54-9A1E7A4F7556}") = "R5T.T0047.T002.X002", "R5T.T0047.T002.X002\R5T.T0047.T002.X002.csproj", "{D6A35DDA-2B4B-4370-883B-91C406DD328D}"
EndProject
Project("{9A19103F-16F7-4668-BE54-9A1E7A4F7556}") = "R5T.Newport.Extensions", "..\..\R5T.Newport\source\R5T.Newport.Extensions\R5T.Newport.Extensions.csproj", "{06CAE724-9E82-45AF-8280-77AE1BB25C91}"
EndProject
Project("{9A19103F-16F7-4668-BE54-9A1E7A4F7556}") = "R5T.Magyar.T002", "..\..\R5T.Magyar\source\R5T.Magyar.T002\R5T.Magyar.T002.csproj", "{FB912C51-6C8F-4C5A-ACC8-235E180F037F}"
EndProject
Project("{9A19103F-16F7-4668-BE54-9A1E7A4F7556}") = "R5T.Newport", "..\..\R5T.Newport\source\R5T.Newport\R5T.Newport.csproj", "{D4D21F69-57AC-4432-B6C6-9F0FC9364286}"
EndProject
Global
	GlobalSection(NestedProjects) = preSolution
		{E3E10FA9-54D6-41D6-ADD4-75A1DCFBD7AA} = {B329EB6D-42DB-4E09-B811-2DE4C38A251F}
		{40260260-4AEE-4A08-84F6-7EF9E60C4F4F} = {B329EB6D-42DB-4E09-B811-2DE4C38A251F}
		{06CAE724-9E82-45AF-8280-77AE1BB25C91} = {B329EB6D-42DB-4E09-B811-2DE4C38A251F}
		{FB912C51-6C8F-4C5A-ACC8-235E180F037F} = {B329EB6D-42DB-4E09-B811-2DE4C38A251F}
		{D4D21F69-57AC-4432-B6C6-9F0FC9364286} = {B329EB6D-42DB-4E09-B811-2DE4C38A251F}
	EndGlobalSection
	GlobalSection(SolutionConfigurationPlatforms) = preSolution
		Debug|Any CPU = Debug|Any CPU
		Debug|x64 = Debug|x64
		Debug|x86 = Debug|x86
		Release|Any CPU = Release|Any CPU
		Release|x64 = Release|x64
		Release|x86 = Release|x86
	EndGlobalSection
	GlobalSection(ProjectConfigurationPlatforms) = postSolution
		{A0329FB7-3882-46B6-97AB-7E44D9DD3D84}.Debug|Any CPU.ActiveCfg = Debug|Any CPU
		{A0329FB7-3882-46B6-97AB-7E44D9DD3D84}.Debug|Any CPU.Build.0 = Debug|Any CPU
		{A0329FB7-3882-46B6-97AB-7E44D9DD3D84}.Debug|x64.ActiveCfg = Debug|Any CPU
		{A0329FB7-3882-46B6-97AB-7E44D9DD3D84}.Debug|x64.Build.0 = Debug|Any CPU
		{A0329FB7-3882-46B6-97AB-7E44D9DD3D84}.Debug|x86.ActiveCfg = Debug|Any CPU
		{A0329FB7-3882-46B6-97AB-7E44D9DD3D84}.Debug|x86.Build.0 = Debug|Any CPU
		{A0329FB7-3882-46B6-97AB-7E44D9DD3D84}.Release|Any CPU.ActiveCfg = Release|Any CPU
		{A0329FB7-3882-46B6-97AB-7E44D9DD3D84}.Release|Any CPU.Build.0 = Release|Any CPU
		{A0329FB7-3882-46B6-97AB-7E44D9DD3D84}.Release|x64.ActiveCfg = Release|Any CPU
		{A0329FB7-3882-46B6-97AB-7E44D9DD3D84}.Release|x64.Build.0 = Release|Any CPU
		{A0329FB7-3882-46B6-97AB-7E44D9DD3D84}.Release|x86.ActiveCfg = Release|Any CPU
		{A0329FB7-3882-46B6-97AB-7E44D9DD3D84}.Release|x86.Build.0 = Release|Any CPU
		{E3E10FA9-54D6-41D6-ADD4-75A1DCFBD7AA}.Debug|Any CPU.ActiveCfg = Debug|Any CPU
		{E3E10FA9-54D6-41D6-ADD4-75A1DCFBD7AA}.Debug|Any CPU.Build.0 = Debug|Any CPU
		{E3E10FA9-54D6-41D6-ADD4-75A1DCFBD7AA}.Debug|x64.ActiveCfg = Debug|Any CPU
		{E3E10FA9-54D6-41D6-ADD4-75A1DCFBD7AA}.Debug|x64.Build.0 = Debug|Any CPU
		{E3E10FA9-54D6-41D6-ADD4-75A1DCFBD7AA}.Debug|x86.ActiveCfg = Debug|Any CPU
		{E3E10FA9-54D6-41D6-ADD4-75A1DCFBD7AA}.Debug|x86.Build.0 = Debug|Any CPU
		{E3E10FA9-54D6-41D6-ADD4-75A1DCFBD7AA}.Release|Any CPU.ActiveCfg = Release|Any CPU
		{E3E10FA9-54D6-41D6-ADD4-75A1DCFBD7AA}.Release|Any CPU.Build.0 = Release|Any CPU
		{E3E10FA9-54D6-41D6-ADD4-75A1DCFBD7AA}.Release|x64.ActiveCfg = Release|Any CPU
		{E3E10FA9-54D6-41D6-ADD4-75A1DCFBD7AA}.Release|x64.Build.0 = Release|Any CPU
		{E3E10FA9-54D6-41D6-ADD4-75A1DCFBD7AA}.Release|x86.ActiveCfg = Release|Any CPU
		{E3E10FA9-54D6-41D6-ADD4-75A1DCFBD7AA}.Release|x86.Build.0 = Release|Any CPU
		{583BB571-7645-42DA-8DD8-ED64FE030A1F}.Debug|Any CPU.ActiveCfg = Debug|Any CPU
		{583BB571-7645-42DA-8DD8-ED64FE030A1F}.Debug|Any CPU.Build.0 = Debug|Any CPU
		{583BB571-7645-42DA-8DD8-ED64FE030A1F}.Debug|x64.ActiveCfg = Debug|Any CPU
		{583BB571-7645-42DA-8DD8-ED64FE030A1F}.Debug|x64.Build.0 = Debug|Any CPU
		{583BB571-7645-42DA-8DD8-ED64FE030A1F}.Debug|x86.ActiveCfg = Debug|Any CPU
		{583BB571-7645-42DA-8DD8-ED64FE030A1F}.Debug|x86.Build.0 = Debug|Any CPU
		{583BB571-7645-42DA-8DD8-ED64FE030A1F}.Release|Any CPU.ActiveCfg = Release|Any CPU
		{583BB571-7645-42DA-8DD8-ED64FE030A1F}.Release|Any CPU.Build.0 = Release|Any CPU
		{583BB571-7645-42DA-8DD8-ED64FE030A1F}.Release|x64.ActiveCfg = Release|Any CPU
		{583BB571-7645-42DA-8DD8-ED64FE030A1F}.Release|x64.Build.0 = Release|Any CPU
		{583BB571-7645-42DA-8DD8-ED64FE030A1F}.Release|x86.ActiveCfg = Release|Any CPU
		{583BB571-7645-42DA-8DD8-ED64FE030A1F}.Release|x86.Build.0 = Release|Any CPU
		{40260260-4AEE-4A08-84F6-7EF9E60C4F4F}.Debug|Any CPU.ActiveCfg = Debug|Any CPU
		{40260260-4AEE-4A08-84F6-7EF9E60C4F4F}.Debug|Any CPU.Build.0 = Debug|Any CPU
		{40260260-4AEE-4A08-84F6-7EF9E60C4F4F}.Debug|x64.ActiveCfg = Debug|Any CPU
		{40260260-4AEE-4A08-84F6-7EF9E60C4F4F}.Debug|x64.Build.0 = Debug|Any CPU
		{40260260-4AEE-4A08-84F6-7EF9E60C4F4F}.Debug|x86.ActiveCfg = Debug|Any CPU
		{40260260-4AEE-4A08-84F6-7EF9E60C4F4F}.Debug|x86.Build.0 = Debug|Any CPU
		{40260260-4AEE-4A08-84F6-7EF9E60C4F4F}.Release|Any CPU.ActiveCfg = Release|Any CPU
		{40260260-4AEE-4A08-84F6-7EF9E60C4F4F}.Release|Any CPU.Build.0 = Release|Any CPU
		{40260260-4AEE-4A08-84F6-7EF9E60C4F4F}.Release|x64.ActiveCfg = Release|Any CPU
		{40260260-4AEE-4A08-84F6-7EF9E60C4F4F}.Release|x64.Build.0 = Release|Any CPU
		{40260260-4AEE-4A08-84F6-7EF9E60C4F4F}.Release|x86.ActiveCfg = Release|Any CPU
		{40260260-4AEE-4A08-84F6-7EF9E60C4F4F}.Release|x86.Build.0 = Release|Any CPU
		{1A40C850-E195-4CD2-8860-12303C7E8D82}.Debug|Any CPU.ActiveCfg = Debug|Any CPU
		{1A40C850-E195-4CD2-8860-12303C7E8D82}.Debug|Any CPU.Build.0 = Debug|Any CPU
		{1A40C850-E195-4CD2-8860-12303C7E8D82}.Debug|x64.ActiveCfg = Debug|Any CPU
		{1A40C850-E195-4CD2-8860-12303C7E8D82}.Debug|x64.Build.0 = Debug|Any CPU
		{1A40C850-E195-4CD2-8860-12303C7E8D82}.Debug|x86.ActiveCfg = Debug|Any CPU
		{1A40C850-E195-4CD2-8860-12303C7E8D82}.Debug|x86.Build.0 = Debug|Any CPU
		{1A40C850-E195-4CD2-8860-12303C7E8D82}.Release|Any CPU.ActiveCfg = Release|Any CPU
		{1A40C850-E195-4CD2-8860-12303C7E8D82}.Release|Any CPU.Build.0 = Release|Any CPU
		{1A40C850-E195-4CD2-8860-12303C7E8D82}.Release|x64.ActiveCfg = Release|Any CPU
		{1A40C850-E195-4CD2-8860-12303C7E8D82}.Release|x64.Build.0 = Release|Any CPU
		{1A40C850-E195-4CD2-8860-12303C7E8D82}.Release|x86.ActiveCfg = Release|Any CPU
		{1A40C850-E195-4CD2-8860-12303C7E8D82}.Release|x86.Build.0 = Release|Any CPU
		{2E4D3A33-AFBE-45F5-9050-9511FE005E95}.Debug|Any CPU.ActiveCfg = Debug|Any CPU
		{2E4D3A33-AFBE-45F5-9050-9511FE005E95}.Debug|Any CPU.Build.0 = Debug|Any CPU
		{2E4D3A33-AFBE-45F5-9050-9511FE005E95}.Debug|x64.ActiveCfg = Debug|Any CPU
		{2E4D3A33-AFBE-45F5-9050-9511FE005E95}.Debug|x64.Build.0 = Debug|Any CPU
		{2E4D3A33-AFBE-45F5-9050-9511FE005E95}.Debug|x86.ActiveCfg = Debug|Any CPU
		{2E4D3A33-AFBE-45F5-9050-9511FE005E95}.Debug|x86.Build.0 = Debug|Any CPU
		{2E4D3A33-AFBE-45F5-9050-9511FE005E95}.Release|Any CPU.ActiveCfg = Release|Any CPU
		{2E4D3A33-AFBE-45F5-9050-9511FE005E95}.Release|Any CPU.Build.0 = Release|Any CPU
		{2E4D3A33-AFBE-45F5-9050-9511FE005E95}.Release|x64.ActiveCfg = Release|Any CPU
		{2E4D3A33-AFBE-45F5-9050-9511FE005E95}.Release|x64.Build.0 = Release|Any CPU
		{2E4D3A33-AFBE-45F5-9050-9511FE005E95}.Release|x86.ActiveCfg = Release|Any CPU
		{2E4D3A33-AFBE-45F5-9050-9511FE005E95}.Release|x86.Build.0 = Release|Any CPU
		{D6A35DDA-2B4B-4370-883B-91C406DD328D}.Debug|Any CPU.ActiveCfg = Debug|Any CPU
		{D6A35DDA-2B4B-4370-883B-91C406DD328D}.Debug|Any CPU.Build.0 = Debug|Any CPU
		{D6A35DDA-2B4B-4370-883B-91C406DD328D}.Debug|x64.ActiveCfg = Debug|Any CPU
		{D6A35DDA-2B4B-4370-883B-91C406DD328D}.Debug|x64.Build.0 = Debug|Any CPU
		{D6A35DDA-2B4B-4370-883B-91C406DD328D}.Debug|x86.ActiveCfg = Debug|Any CPU
		{D6A35DDA-2B4B-4370-883B-91C406DD328D}.Debug|x86.Build.0 = Debug|Any CPU
		{D6A35DDA-2B4B-4370-883B-91C406DD328D}.Release|Any CPU.ActiveCfg = Release|Any CPU
		{D6A35DDA-2B4B-4370-883B-91C406DD328D}.Release|Any CPU.Build.0 = Release|Any CPU
		{D6A35DDA-2B4B-4370-883B-91C406DD328D}.Release|x64.ActiveCfg = Release|Any CPU
		{D6A35DDA-2B4B-4370-883B-91C406DD328D}.Release|x64.Build.0 = Release|Any CPU
		{D6A35DDA-2B4B-4370-883B-91C406DD328D}.Release|x86.ActiveCfg = Release|Any CPU
		{D6A35DDA-2B4B-4370-883B-91C406DD328D}.Release|x86.Build.0 = Release|Any CPU
		{06CAE724-9E82-45AF-8280-77AE1BB25C91}.Debug|Any CPU.ActiveCfg = Debug|Any CPU
		{06CAE724-9E82-45AF-8280-77AE1BB25C91}.Debug|Any CPU.Build.0 = Debug|Any CPU
		{06CAE724-9E82-45AF-8280-77AE1BB25C91}.Debug|x64.ActiveCfg = Debug|Any CPU
		{06CAE724-9E82-45AF-8280-77AE1BB25C91}.Debug|x64.Build.0 = Debug|Any CPU
		{06CAE724-9E82-45AF-8280-77AE1BB25C91}.Debug|x86.ActiveCfg = Debug|Any CPU
		{06CAE724-9E82-45AF-8280-77AE1BB25C91}.Debug|x86.Build.0 = Debug|Any CPU
		{06CAE724-9E82-45AF-8280-77AE1BB25C91}.Release|Any CPU.ActiveCfg = Release|Any CPU
		{06CAE724-9E82-45AF-8280-77AE1BB25C91}.Release|Any CPU.Build.0 = Release|Any CPU
		{06CAE724-9E82-45AF-8280-77AE1BB25C91}.Release|x64.ActiveCfg = Release|Any CPU
		{06CAE724-9E82-45AF-8280-77AE1BB25C91}.Release|x64.Build.0 = Release|Any CPU
		{06CAE724-9E82-45AF-8280-77AE1BB25C91}.Release|x86.ActiveCfg = Release|Any CPU
		{06CAE724-9E82-45AF-8280-77AE1BB25C91}.Release|x86.Build.0 = Release|Any CPU
		{FB912C51-6C8F-4C5A-ACC8-235E180F037F}.Debug|Any CPU.ActiveCfg = Debug|Any CPU
		{FB912C51-6C8F-4C5A-ACC8-235E180F037F}.Debug|Any CPU.Build.0 = Debug|Any CPU
		{FB912C51-6C8F-4C5A-ACC8-235E180F037F}.Debug|x64.ActiveCfg = Debug|Any CPU
		{FB912C51-6C8F-4C5A-ACC8-235E180F037F}.Debug|x64.Build.0 = Debug|Any CPU
		{FB912C51-6C8F-4C5A-ACC8-235E180F037F}.Debug|x86.ActiveCfg = Debug|Any CPU
		{FB912C51-6C8F-4C5A-ACC8-235E180F037F}.Debug|x86.Build.0 = Debug|Any CPU
		{FB912C51-6C8F-4C5A-ACC8-235E180F037F}.Release|Any CPU.ActiveCfg = Release|Any CPU
		{FB912C51-6C8F-4C5A-ACC8-235E180F037F}.Release|Any CPU.Build.0 = Release|Any CPU
		{FB912C51-6C8F-4C5A-ACC8-235E180F037F}.Release|x64.ActiveCfg = Release|Any CPU
		{FB912C51-6C8F-4C5A-ACC8-235E180F037F}.Release|x64.Build.0 = Release|Any CPU
		{FB912C51-6C8F-4C5A-ACC8-235E180F037F}.Release|x86.ActiveCfg = Release|Any CPU
		{FB912C51-6C8F-4C5A-ACC8-235E180F037F}.Release|x86.Build.0 = Release|Any CPU
		{D4D21F69-57AC-4432-B6C6-9F0FC9364286}.Debug|Any CPU.ActiveCfg = Debug|Any CPU
		{D4D21F69-57AC-4432-B6C6-9F0FC9364286}.Debug|Any CPU.Build.0 = Debug|Any CPU
		{D4D21F69-57AC-4432-B6C6-9F0FC9364286}.Debug|x64.ActiveCfg = Debug|Any CPU
		{D4D21F69-57AC-4432-B6C6-9F0FC9364286}.Debug|x64.Build.0 = Debug|Any CPU
		{D4D21F69-57AC-4432-B6C6-9F0FC9364286}.Debug|x86.ActiveCfg = Debug|Any CPU
		{D4D21F69-57AC-4432-B6C6-9F0FC9364286}.Debug|x86.Build.0 = Debug|Any CPU
		{D4D21F69-57AC-4432-B6C6-9F0FC9364286}.Release|Any CPU.ActiveCfg = Release|Any CPU
		{D4D21F69-57AC-4432-B6C6-9F0FC9364286}.Release|Any CPU.Build.0 = Release|Any CPU
		{D4D21F69-57AC-4432-B6C6-9F0FC9364286}.Release|x64.ActiveCfg = Release|Any CPU
		{D4D21F69-57AC-4432-B6C6-9F0FC9364286}.Release|x64.Build.0 = Release|Any CPU
		{D4D21F69-57AC-4432-B6C6-9F0FC9364286}.Release|x86.ActiveCfg = Release|Any CPU
		{D4D21F69-57AC-4432-B6C6-9F0FC9364286}.Release|x86.Build.0 = Release|Any CPU
	EndGlobalSection
	GlobalSection(SolutionProperties) = preSolution
		HideSolutionNode = FALSE
	EndGlobalSection
	GlobalSection(ExtensibilityGlobals) = postSolution
		SolutionGuid = {C97475FF-43D8-4235-88A6-733ED301BC48}
	EndGlobalSection
EndGlobal
